{
  "version": 4,
  "terraform_version": "1.7.3",
  "serial": 784,
  "lineage": "137fc808-aa97-8fde-f812-c541eb78450e",
  "outputs": {},
  "resources": [
    {
      "module": "module.vpc",
      "mode": "managed",
      "type": "aws_vpc",
      "name": "main",
      "provider": "provider[\"registry.terraform.io/hashicorp/aws\"]",
      "instances": [
        {
          "schema_version": 1,
          "attributes": {
            "arn": "arn:aws:ec2:us-east-1:986335452080:vpc/vpc-0ac845262301987d5",
            "assign_generated_ipv6_cidr_block": false,
            "cidr_block": "10.0.0.0/16",
            "default_network_acl_id": "acl-08762b7a07e4ce400",
            "default_route_table_id": "rtb-05def6b770e8a2cd2",
            "default_security_group_id": "sg-09a9d9fcd558de890",
            "dhcp_options_id": "dopt-063a32cc5cccc4e78",
            "enable_classiclink": false,
            "enable_classiclink_dns_support": false,
            "enable_dns_hostnames": true,
            "enable_dns_support": true,
            "enable_network_address_usage_metrics": false,
            "id": "vpc-0ac845262301987d5",
            "instance_tenancy": "default",
            "ipv4_ipam_pool_id": null,
            "ipv4_netmask_length": null,
            "ipv6_association_id": "",
            "ipv6_cidr_block": "",
            "ipv6_cidr_block_network_border_group": "",
            "ipv6_ipam_pool_id": "",
            "ipv6_netmask_length": 0,
            "main_route_table_id": "rtb-05def6b770e8a2cd2",
            "owner_id": "986335452080",
            "tags": {
              "Env": "dev",
              "Name": "main-vpc-ndp24-dev"
            },
            "tags_all": {
              "Env": "dev",
              "Name": "main-vpc-ndp24-dev"
            }
          },
          "sensitive_attributes": [],
          "private": "eyJzY2hlbWFfdmVyc2lvbiI6IjEifQ==",
          "create_before_destroy": true
        }
      ]
    }
  ],
  "check_results": null
}
